
Microsoft Visual Studio Solution File, Format Version 12.00
# Visual Studio Version 16
VisualStudioVersion = 16.0.31205.134
MinimumVisualStudioVersion = 10.0.40219.1
Project("{FAE04EC0-301F-11D3-BF4B-00C04F79EFBC}") = "hotelnikol", "hotelnikol.csproj", "{BD3D9283-B07C-4D47-95B7-668384179971}"
EndProject
Global
	GlobalSection(SolutionConfigurationPlatforms) = preSolution
		Debug|Any CPU = Debug|Any CPU
		Release|Any CPU = Release|Any CPU
	EndGlobalSection
	GlobalSection(ProjectConfigurationPlatforms) = postSolution
		{BD3D9283-B07C-4D47-95B7-668384179971}.Debug|Any CPU.ActiveCfg = Debug|Any CPU
		{BD3D9283-B07C-4D47-95B7-668384179971}.Debug|Any CPU.Build.0 = Debug|Any CPU
		{BD3D9283-B07C-4D47-95B7-668384179971}.Release|Any CPU.ActiveCfg = Release|Any CPU
		{BD3D9283-B07C-4D47-95B7-668384179971}.Release|Any CPU.Build.0 = Release|Any CPU
	EndGlobalSection
	GlobalSection(SolutionProperties) = preSolution
		HideSolutionNode = FALSE
	EndGlobalSection
	GlobalSection(ExtensibilityGlobals) = postSolution
		SolutionGuid = {5151B869-531B-47DD-81BA-534A97758840}
	EndGlobalSection
EndGlobal
